Microsoft Visual Studio Solution File, Format Version 12.00
# Visual Studio 15
VisualStudioVersion = 15.0.26730.8
MinimumVisualStudioVersion = 10.0.40219.1
Project("{FAE04EC0-301F-11D3-BF4B-00C04F79EFBC}") = "Protocol", "Protocol.csproj", "{D071F164-2B33-4096-A4DE-22A864F80EA6}"
EndProject
Global
	GlobalSection(SolutionConfigurationPlatforms) = preSolution
		Debug|Any CPU = Debug|Any CPU
		Release|Any CPU = Release|Any CPU
		ShellDebug|Any CPU = ShellDebug|Any CPU
	EndGlobalSection
	GlobalSection(ProjectConfigurationPlatforms) = postSolution
		{D071F164-2B33-4096-A4DE-22A864F80EA6}.Debug|Any CPU.ActiveCfg = Debug|Any CPU
		{D071F164-2B33-4096-A4DE-22A864F80EA6}.Debug|Any CPU.Build.0 = Debug|Any CPU
		{D071F164-2B33-4096-A4DE-22A864F80EA6}.Release|Any CPU.ActiveCfg = Release|Any CPU
		{D071F164-2B33-4096-A4DE-22A864F80EA6}.Release|Any CPU.Build.0 = Release|Any CPU
		{D071F164-2B33-4096-A4DE-22A864F80EA6}.ShellDebug|Any CPU.ActiveCfg = ShellDebug|Any CPU
		{D071F164-2B33-4096-A4DE-22A864F80EA6}.ShellDebug|Any CPU.Build.0 = ShellDebug|Any CPU
	EndGlobalSection
	GlobalSection(SolutionProperties) = preSolution
		HideSolutionNode = FALSE
	EndGlobalSection
	GlobalSection(ExtensibilityGlobals) = postSolution
		SolutionGuid = {C6A65CD4-0C34-4BCB-9AC4-010CCDE36392}
	EndGlobalSection
EndGlobal
