
Microsoft Visual Studio Solution File, Format Version 12.00
# Visual Studio 15
VisualStudioVersion = 15.0.28010.2026
MinimumVisualStudioVersion = 10.0.40219.1
Project("{FAE04EC0-301F-11D3-BF4B-00C04F79EFBC}") = "CompositionDemo", "Console\CompositionDemo.csproj", "{352B9473-13A7-4C0E-8588-A80C98A5E956}"
EndProject
Project("{FAE04EC0-301F-11D3-BF4B-00C04F79EFBC}") = "CompositionInterface", "CompositionInterface\CompositionInterface.csproj", "{49208F31-291C-43FC-B143-2F243C0F1713}"
EndProject
Project("{FAE04EC0-301F-11D3-BF4B-00C04F79EFBC}") = "CompostionLib", "CompostionLib\CompostionLib.csproj", "{777D9E5B-F6C5-4F1F-A710-99D52D5F593B}"
EndProject
Global
	GlobalSection(SolutionConfigurationPlatforms) = preSolution
		Debug|Any CPU = Debug|Any CPU
		Release|Any CPU = Release|Any CPU
	EndGlobalSection
	GlobalSection(ProjectConfigurationPlatforms) = postSolution
		{352B9473-13A7-4C0E-8588-A80C98A5E956}.Debug|Any CPU.ActiveCfg = Debug|Any CPU
		{352B9473-13A7-4C0E-8588-A80C98A5E956}.Debug|Any CPU.Build.0 = Debug|Any CPU
		{352B9473-13A7-4C0E-8588-A80C98A5E956}.Release|Any CPU.ActiveCfg = Release|Any CPU
		{352B9473-13A7-4C0E-8588-A80C98A5E956}.Release|Any CPU.Build.0 = Release|Any CPU
		{49208F31-291C-43FC-B143-2F243C0F1713}.Debug|Any CPU.ActiveCfg = Debug|Any CPU
		{49208F31-291C-43FC-B143-2F243C0F1713}.Debug|Any CPU.Build.0 = Debug|Any CPU
		{49208F31-291C-43FC-B143-2F243C0F1713}.Release|Any CPU.ActiveCfg = Release|Any CPU
		{49208F31-291C-43FC-B143-2F243C0F1713}.Release|Any CPU.Build.0 = Release|Any CPU
		{777D9E5B-F6C5-4F1F-A710-99D52D5F593B}.Debug|Any CPU.ActiveCfg = Debug|Any CPU
		{777D9E5B-F6C5-4F1F-A710-99D52D5F593B}.Debug|Any CPU.Build.0 = Debug|Any CPU
		{777D9E5B-F6C5-4F1F-A710-99D52D5F593B}.Release|Any CPU.ActiveCfg = Release|Any CPU
		{777D9E5B-F6C5-4F1F-A710-99D52D5F593B}.Release|Any CPU.Build.0 = Release|Any CPU
	EndGlobalSection
	GlobalSection(SolutionProperties) = preSolution
		HideSolutionNode = FALSE
	EndGlobalSection
	GlobalSection(ExtensibilityGlobals) = postSolution
		SolutionGuid = {E5844F47-5595-4815-BC9E-946AB408BEFB}
	EndGlobalSection
EndGlobal
