
Microsoft Visual Studio Solution File, Format Version 12.00
# Visual Studio 15
VisualStudioVersion = 15.0.27703.2035
MinimumVisualStudioVersion = 10.0.40219.1
Project("{FAE04EC0-301F-11D3-BF4B-00C04F79EFBC}") = "DBHR.ClientInterface", "DBHR.ClientInterface\DBHR.ClientInterface.csproj", "{A7F1565B-A4DC-43D9-BA56-C7243FB11E57}"
EndProject
Project("{FAE04EC0-301F-11D3-BF4B-00C04F79EFBC}") = "DBHR.ClientModule", "DBHR.ClientModule\DBHR.ClientModule.csproj", "{6793C996-C430-413D-B8B8-005C956E90AA}"
EndProject
Project("{FAE04EC0-301F-11D3-BF4B-00C04F79EFBC}") = "DBHR.WinFormUnity", "DBHR.WinFormUnity\DBHR.WinFormUnity.csproj", "{833E0C12-D289-41CD-9D38-602DA4F2F352}"
EndProject
Project("{FAE04EC0-301F-11D3-BF4B-00C04F79EFBC}") = "XMLCrlLanTest", "XMLCrlLanTest\XMLCrlLanTest.csproj", "{2E29EBED-BBE6-41BB-B490-25C6FA16FE4D}"
EndProject
Project("{FAE04EC0-301F-11D3-BF4B-00C04F79EFBC}") = "XmlClrLan", "XmlClrLan\XmlClrLan.csproj", "{6F0FC1C3-B03B-4851-9C9B-5A168A95662A}"
EndProject
Global
	GlobalSection(SolutionConfigurationPlatforms) = preSolution
		Debug|Any CPU = Debug|Any CPU
		Release|Any CPU = Release|Any CPU
	EndGlobalSection
	GlobalSection(ProjectConfigurationPlatforms) = postSolution
		{A7F1565B-A4DC-43D9-BA56-C7243FB11E57}.Debug|Any CPU.ActiveCfg = Debug|Any CPU
		{A7F1565B-A4DC-43D9-BA56-C7243FB11E57}.Debug|Any CPU.Build.0 = Debug|Any CPU
		{A7F1565B-A4DC-43D9-BA56-C7243FB11E57}.Release|Any CPU.ActiveCfg = Release|Any CPU
		{A7F1565B-A4DC-43D9-BA56-C7243FB11E57}.Release|Any CPU.Build.0 = Release|Any CPU
		{6793C996-C430-413D-B8B8-005C956E90AA}.Debug|Any CPU.ActiveCfg = Debug|Any CPU
		{6793C996-C430-413D-B8B8-005C956E90AA}.Debug|Any CPU.Build.0 = Debug|Any CPU
		{6793C996-C430-413D-B8B8-005C956E90AA}.Release|Any CPU.ActiveCfg = Release|Any CPU
		{6793C996-C430-413D-B8B8-005C956E90AA}.Release|Any CPU.Build.0 = Release|Any CPU
		{833E0C12-D289-41CD-9D38-602DA4F2F352}.Debug|Any CPU.ActiveCfg = Debug|Any CPU
		{833E0C12-D289-41CD-9D38-602DA4F2F352}.Debug|Any CPU.Build.0 = Debug|Any CPU
		{833E0C12-D289-41CD-9D38-602DA4F2F352}.Release|Any CPU.ActiveCfg = Release|Any CPU
		{833E0C12-D289-41CD-9D38-602DA4F2F352}.Release|Any CPU.Build.0 = Release|Any CPU
		{2E29EBED-BBE6-41BB-B490-25C6FA16FE4D}.Debug|Any CPU.ActiveCfg = Debug|Any CPU
		{2E29EBED-BBE6-41BB-B490-25C6FA16FE4D}.Debug|Any CPU.Build.0 = Debug|Any CPU
		{2E29EBED-BBE6-41BB-B490-25C6FA16FE4D}.Release|Any CPU.ActiveCfg = Release|Any CPU
		{2E29EBED-BBE6-41BB-B490-25C6FA16FE4D}.Release|Any CPU.Build.0 = Release|Any CPU
		{6F0FC1C3-B03B-4851-9C9B-5A168A95662A}.Debug|Any CPU.ActiveCfg = Debug|Any CPU
		{6F0FC1C3-B03B-4851-9C9B-5A168A95662A}.Debug|Any CPU.Build.0 = Debug|Any CPU
		{6F0FC1C3-B03B-4851-9C9B-5A168A95662A}.Release|Any CPU.ActiveCfg = Release|Any CPU
		{6F0FC1C3-B03B-4851-9C9B-5A168A95662A}.Release|Any CPU.Build.0 = Release|Any CPU
	EndGlobalSection
	GlobalSection(SolutionProperties) = preSolution
		HideSolutionNode = FALSE
	EndGlobalSection
	GlobalSection(ExtensibilityGlobals) = postSolution
		SolutionGuid = {972431E4-3D80-43F7-8FEC-9D19651A3173}
	EndGlobalSection
EndGlobal
